
Microsoft Visual Studio Solution File, Format Version 12.00
# Visual Studio Version 17
VisualStudioVersion = 17.0.32014.148
MinimumVisualStudioVersion = 10.0.40219.1
Project("{FAE04EC0-301F-11D3-BF4B-00C04F79EFBC}") = "AppliedEmails", "AppliedEmails\AppliedEmails.csproj", "{C6FE8CF5-1ADF-41B9-A4FE-6774AA362611}"
EndProject
Global
	GlobalSection(SolutionConfigurationPlatforms) = preSolution
		Debug|Any CPU = Debug|Any CPU
		Release|Any CPU = Release|Any CPU
	EndGlobalSection
	GlobalSection(ProjectConfigurationPlatforms) = postSolution
		{C6FE8CF5-1ADF-41B9-A4FE-6774AA362611}.Debug|Any CPU.ActiveCfg = Debug|Any CPU
		{C6FE8CF5-1ADF-41B9-A4FE-6774AA362611}.Debug|Any CPU.Build.0 = Debug|Any CPU
		{C6FE8CF5-1ADF-41B9-A4FE-6774AA362611}.Release|Any CPU.ActiveCfg = Release|Any CPU
		{C6FE8CF5-1ADF-41B9-A4FE-6774AA362611}.Release|Any CPU.Build.0 = Release|Any CPU
	EndGlobalSection
	GlobalSection(SolutionProperties) = preSolution
		HideSolutionNode = FALSE
	EndGlobalSection
	GlobalSection(ExtensibilityGlobals) = postSolution
		SolutionGuid = {CFF99D99-5BFC-4B44-A0E8-F9DB6FC07863}
	EndGlobalSection
EndGlobal
